// !$*UTF8*$!
{
	archiveVersion = 1;
	classes = {
	};
	objectVersion = 46;
	objects = {

/* Begin PBXBuildFile section */
		650F641C1A1564DC00D95985 /* Chomp.wav in Resources */ = {isa = PBXBuildFile; fileRef = 650F64161A1564DC00D95985 /* Chomp.wav */; };
		650F641D1A1564DC00D95985 /* Drip.wav in Resources */ = {isa = PBXBuildFile; fileRef = 650F64171A1564DC00D95985 /* Drip.wav */; };
		650F641E1A1564DC00D95985 /* Error.wav in Resources */ = {isa = PBXBuildFile; fileRef = 650F64181A1564DC00D95985 /* Error.wav */; };
		650F641F1A1564DC00D95985 /* Ka-Ching.wav in Resources */ = {isa = PBXBuildFile; fileRef = 650F64191A1564DC00D95985 /* Ka-Ching.wav */; };
		650F64201A1564DC00D95985 /* Mining by Moonlight.mp3 in Resources */ = {isa = PBXBuildFile; fileRef = 650F641A1A1564DC00D95985 /* Mining by Moonlight.mp3 */; };
		650F64211A1564DC00D95985 /* Scrape.wav in Resources */ = {isa = PBXBuildFile; fileRef = 650F641B1A1564DC00D95985 /* Scrape.wav */; };
		650F64231A15823C00D95985 /* Chain.swift in Sources */ = {isa = PBXBuildFile; fileRef = 650F64221A15823C00D95985 /* Chain.swift */; };
		6524A8C31A141C5900D416D9 /* Swap.swift in Sources */ = {isa = PBXBuildFile; fileRef = 6524A8C21A141C5900D416D9 /* Swap.swift */; };
		652AD6C41A0D2BA400E8A25D /* AppDelegate.swift in Sources */ = {isa = PBXBuildFile; fileRef = 652AD6C31A0D2BA400E8A25D /* AppDelegate.swift */; };
		652AD6C81A0D2BA400E8A25D /* GameScene.swift in Sources */ = {isa = PBXBuildFile; fileRef = 652AD6C71A0D2BA400E8A25D /* GameScene.swift */; };
		652AD6CA1A0D2BA400E8A25D /* GameViewController.swift in Sources */ = {isa = PBXBuildFile; fileRef = 652AD6C91A0D2BA400E8A25D /* GameViewController.swift */; };
		652AD6CD1A0D2BA400E8A25D /* Main.storyboard in Resources */ = {isa = PBXBuildFile; fileRef = 652AD6CB1A0D2BA400E8A25D /* Main.storyboard */; };
		652AD6D21A0D2BA400E8A25D /* LaunchScreen.xib in Resources */ = {isa = PBXBuildFile; fileRef = 652AD6D01A0D2BA400E8A25D /* LaunchScreen.xib */; };
		652AD6DE1A0D2BA400E8A25D /* NumbersCrunchTests.swift in Sources */ = {isa = PBXBuildFile; fileRef = 652AD6DD1A0D2BA400E8A25D /* NumbersCrunchTests.swift */; };
		652AD6EA1A0D2F8B00E8A25D /* Images.xcassets in Resources */ = {isa = PBXBuildFile; fileRef = 652AD6E91A0D2F8B00E8A25D /* Images.xcassets */; };
		652AD6EC1A0D31AD00E8A25D /* Cookie.swift in Sources */ = {isa = PBXBuildFile; fileRef = 652AD6EB1A0D31AD00E8A25D /* Cookie.swift */; };
		652AD6EE1A0D328900E8A25D /* Array2D.swift in Sources */ = {isa = PBXBuildFile; fileRef = 652AD6ED1A0D328900E8A25D /* Array2D.swift */; };
		652AD6F01A0D32B000E8A25D /* Set.swift in Sources */ = {isa = PBXBuildFile; fileRef = 652AD6EF1A0D32B000E8A25D /* Set.swift */; };
		652AD6F21A0D32F500E8A25D /* Level.swift in Sources */ = {isa = PBXBuildFile; fileRef = 652AD6F11A0D32F500E8A25D /* Level.swift */; };
		65518F9F1A258DD400B43584 /* MenuScene.swift in Sources */ = {isa = PBXBuildFile; fileRef = 65518F9E1A258DD400B43584 /* MenuScene.swift */; };
		65644A911A1F1D4E00398584 /* Sprites.atlas in Resources */ = {isa = PBXBuildFile; fileRef = 65644A901A1F1D4E00398584 /* Sprites.atlas */; };
		65867D9C1A1C66D900877C99 /* Grid.atlas in Resources */ = {isa = PBXBuildFile; fileRef = 65867D9B1A1C66D900877C99 /* Grid.atlas */; };
		65D251911A0D3A0D001AB769 /* Level_0.json in Resources */ = {isa = PBXBuildFile; fileRef = 65D2518C1A0D3A0D001AB769 /* Level_0.json */; };
		65D251921A0D3A0D001AB769 /* Level_1.json in Resources */ = {isa = PBXBuildFile; fileRef = 65D2518D1A0D3A0D001AB769 /* Level_1.json */; };
		65D251931A0D3A0D001AB769 /* Level_2.json in Resources */ = {isa = PBXBuildFile; fileRef = 65D2518E1A0D3A0D001AB769 /* Level_2.json */; };
		65D251941A0D3A0D001AB769 /* Level_3.json in Resources */ = {isa = PBXBuildFile; fileRef = 65D2518F1A0D3A0D001AB769 /* Level_3.json */; };
		65D251951A0D3A0D001AB769 /* Level_4.json in Resources */ = {isa = PBXBuildFile; fileRef = 65D251901A0D3A0D001AB769 /* Level_4.json */; };
		65D251971A0D3A74001AB769 /* Tile.swift in Sources */ = {isa = PBXBuildFile; fileRef = 65D251961A0D3A74001AB769 /* Tile.swift */; };
		65D251991A0D3AA2001AB769 /* Extensions.swift in Sources */ = {isa = PBXBuildFile; fileRef = 65D251981A0D3AA2001AB769 /* Extensions.swift */; };
/* End PBXBuildFile section */

/* Begin PBXContainerItemProxy section */
		652AD6D81A0D2BA400E8A25D /* PBXContainerItemProxy */ = {
			isa = PBXContainerItemProxy;
			containerPortal = 652AD6B61A0D2BA300E8A25D /* Project object */;
			proxyType = 1;
			remoteGlobalIDString = 652AD6BD1A0D2BA300E8A25D;
			remoteInfo = NumbersCrunch;
		};
/* End PBXContainerItemProxy section */

/* Begin PBXFileReference section */
		650F64161A1564DC00D95985 /* Chomp.wav */ = {isa = PBXFileReference; lastKnownFileType = audio.wav; path = Chomp.wav; sourceTree = "<group>"; };
		650F64171A1564DC00D95985 /* Drip.wav */ = {isa = PBXFileReference; lastKnownFileType = audio.wav; path = Drip.wav; sourceTree = "<group>"; };
		650F64181A1564DC00D95985 /* Error.wav */ = {isa = PBXFileReference; lastKnownFileType = audio.wav; path = Error.wav; sourceTree = "<group>"; };
		650F64191A1564DC00D95985 /* Ka-Ching.wav */ = {isa = PBXFileReference; lastKnownFileType = audio.wav; path = "Ka-Ching.wav"; sourceTree = "<group>"; };
		650F641A1A1564DC00D95985 /* Mining by Moonlight.mp3 */ = {isa = PBXFileReference; lastKnownFileType = audio.mp3; path = "Mining by Moonlight.mp3"; sourceTree = "<group>"; };
		650F641B1A1564DC00D95985 /* Scrape.wav */ = {isa = PBXFileReference; lastKnownFileType = audio.wav; path = Scrape.wav; sourceTree = "<group>"; };
		650F64221A15823C00D95985 /* Chain.swift */ = {isa = PBXFileReference; fileEncoding = 4; lastKnownFileType = sourcecode.swift; path = Chain.swift; sourceTree = "<group>"; };
		6524A8C21A141C5900D416D9 /* Swap.swift */ = {isa = PBXFileReference; fileEncoding = 4; lastKnownFileType = sourcecode.swift; path = Swap.swift; sourceTree = "<group>"; };
		652AD6BE1A0D2BA300E8A25D /* NumbersCrunch.app */ = {isa = PBXFileReference; explicitFileType = wrapper.application; includeInIndex = 0; path = NumbersCrunch.app; sourceTree = BUILT_PRODUCTS_DIR; };
		652AD6C21A0D2BA300E8A25D /* Info.plist */ = {isa = PBXFileReference; lastKnownFileType = text.plist.xml; path = Info.plist; sourceTree = "<group>"; };
		652AD6C31A0D2BA400E8A25D /* AppDelegate.swift */ = {isa = PBXFileReference; lastKnownFileType = sourcecode.swift; path = AppDelegate.swift; sourceTree = "<group>"; };
		652AD6C71A0D2BA400E8A25D /* GameScene.swift */ = {isa = PBXFileReference; lastKnownFileType = sourcecode.swift; path = GameScene.swift; sourceTree = "<group>"; };
		652AD6C91A0D2BA400E8A25D /* GameViewController.swift */ = {isa = PBXFileReference; lastKnownFileType = sourcecode.swift; path = GameViewController.swift; sourceTree = "<group>"; };
		652AD6CC1A0D2BA400E8A25D /* Base */ = {isa = PBXFileReference; lastKnownFileType = file.storyboard; name = Base; path = Base.lproj/Main.storyboard; sourceTree = "<group>"; };
		652AD6D11A0D2BA400E8A25D /* Base */ = {isa = PBXFileReference; lastKnownFileType = file.xib; name = Base; path = Base.lproj/LaunchScreen.xib; sourceTree = "<group>"; };
		652AD6D71A0D2BA400E8A25D /* NumbersCrunchTests.xctest */ = {isa = PBXFileReference; explicitFileType = wrapper.cfbundle; includeInIndex = 0; path = NumbersCrunchTests.xctest; sourceTree = BUILT_PRODUCTS_DIR; };
		652AD6DC1A0D2BA400E8A25D /* Info.plist */ = {isa = PBXFileReference; lastKnownFileType = text.plist.xml; path = Info.plist; sourceTree = "<group>"; };
		652AD6DD1A0D2BA400E8A25D /* NumbersCrunchTests.swift */ = {isa = PBXFileReference; lastKnownFileType = sourcecode.swift; path = NumbersCrunchTests.swift; sourceTree = "<group>"; };
		652AD6E91A0D2F8B00E8A25D /* Images.xcassets */ = {isa = PBXFileReference; lastKnownFileType = folder.assetcatalog; name = Images.xcassets; path = ../Images.xcassets; sourceTree = "<group>"; };
		652AD6EB1A0D31AD00E8A25D /* Cookie.swift */ = {isa = PBXFileReference; fileEncoding = 4; lastKnownFileType = sourcecode.swift; path = Cookie.swift; sourceTree = "<group>"; };
		652AD6ED1A0D328900E8A25D /* Array2D.swift */ = {isa = PBXFileReference; fileEncoding = 4; lastKnownFileType = sourcecode.swift; path = Array2D.swift; sourceTree = "<group>"; };
		652AD6EF1A0D32B000E8A25D /* Set.swift */ = {isa = PBXFileReference; fileEncoding = 4; lastKnownFileType = sourcecode.swift; path = Set.swift; sourceTree = "<group>"; };
		652AD6F11A0D32F500E8A25D /* Level.swift */ = {isa = PBXFileReference; fileEncoding = 4; lastKnownFileType = sourcecode.swift; path = Level.swift; sourceTree = "<group>"; };
		65518F9E1A258DD400B43584 /* MenuScene.swift */ = {isa = PBXFileReference; fileEncoding = 4; lastKnownFileType = sourcecode.swift; path = MenuScene.swift; sourceTree = "<group>"; };
		65644A901A1F1D4E00398584 /* Sprites.atlas */ = {isa = PBXFileReference; lastKnownFileType = folder.skatlas; path = Sprites.atlas; sourceTree = "<group>"; };
		65867D9B1A1C66D900877C99 /* Grid.atlas */ = {isa = PBXFileReference; lastKnownFileType = folder.skatlas; path = Grid.atlas; sourceTree = "<group>"; };
		65D2518C1A0D3A0D001AB769 /* Level_0.json */ = {isa = PBXFileReference; fileEncoding = 4; lastKnownFileType = text.json; path = Level_0.json; sourceTree = "<group>"; };
		65D2518D1A0D3A0D001AB769 /* Level_1.json */ = {isa = PBXFileReference; fileEncoding = 4; lastKnownFileType = text.json; path = Level_1.json; sourceTree = "<group>"; };
		65D2518E1A0D3A0D001AB769 /* Level_2.json */ = {isa = PBXFileReference; fileEncoding = 4; lastKnownFileType = text.json; path = Level_2.json; sourceTree = "<group>"; };
		65D2518F1A0D3A0D001AB769 /* Level_3.json */ = {isa = PBXFileReference; fileEncoding = 4; lastKnownFileType = text.json; path = Level_3.json; sourceTree = "<group>"; };
		65D251901A0D3A0D001AB769 /* Level_4.json */ = {isa = PBXFileReference; fileEncoding = 4; lastKnownFileType = text.json; path = Level_4.json; sourceTree = "<group>"; };
		65D251961A0D3A74001AB769 /* Tile.swift */ = {isa = PBXFileReference; fileEncoding = 4; lastKnownFileType = sourcecode.swift; path = Tile.swift; sourceTree = "<group>"; };
		65D251981A0D3AA2001AB769 /* Extensions.swift */ = {isa = PBXFileReference; fileEncoding = 4; lastKnownFileType = sourcecode.swift; path = Extensions.swift; sourceTree = "<group>"; };
/* End PBXFileReference section */

/* Begin PBXFrameworksBuildPhase section */
		652AD6BB1A0D2BA300E8A25D /* Frameworks */ = {
			isa = PBXFrameworksBuildPhase;
			buildActionMask = 2147483647;
			files = (
			);
			runOnlyForDeploymentPostprocessing = 0;
		};
		652AD6D41A0D2BA400E8A25D /* Frameworks */ = {
			isa = PBXFrameworksBuildPhase;
			buildActionMask = 2147483647;
			files = (
			);
			runOnlyForDeploymentPostprocessing = 0;
		};
/* End PBXFrameworksBuildPhase section */

/* Begin PBXGroup section */
		650F64151A1564DC00D95985 /* Sounds */ = {
			isa = PBXGroup;
			children = (
				650F64161A1564DC00D95985 /* Chomp.wav */,
				650F64171A1564DC00D95985 /* Drip.wav */,
				650F64181A1564DC00D95985 /* Error.wav */,
				650F64191A1564DC00D95985 /* Ka-Ching.wav */,
				650F641A1A1564DC00D95985 /* Mining by Moonlight.mp3 */,
				650F641B1A1564DC00D95985 /* Scrape.wav */,
			);
			name = Sounds;
			path = NumbersCrunch/Sounds;
			sourceTree = "<group>";
		};
		652AD6B51A0D2BA300E8A25D = {
			isa = PBXGroup;
			children = (
				652AD6C01A0D2BA300E8A25D /* NumbersCrunch */,
				650F64151A1564DC00D95985 /* Sounds */,
				65D2518B1A0D3A0D001AB769 /* Levels */,
				652AD6DA1A0D2BA400E8A25D /* NumbersCrunchTests */,
				652AD6BF1A0D2BA300E8A25D /* Products */,
			);
			sourceTree = "<group>";
		};
		652AD6BF1A0D2BA300E8A25D /* Products */ = {
			isa = PBXGroup;
			children = (
				652AD6BE1A0D2BA300E8A25D /* NumbersCrunch.app */,
				652AD6D71A0D2BA400E8A25D /* NumbersCrunchTests.xctest */,
			);
			name = Products;
			sourceTree = "<group>";
		};
		652AD6C01A0D2BA300E8A25D /* NumbersCrunch */ = {
			isa = PBXGroup;
			children = (
				652AD6C31A0D2BA400E8A25D /* AppDelegate.swift */,
				652AD6ED1A0D328900E8A25D /* Array2D.swift */,
				650F64221A15823C00D95985 /* Chain.swift */,
				652AD6EB1A0D31AD00E8A25D /* Cookie.swift */,
				65D251981A0D3AA2001AB769 /* Extensions.swift */,
				652AD6C71A0D2BA400E8A25D /* GameScene.swift */,
				65518F9E1A258DD400B43584 /* MenuScene.swift */,
				652AD6C91A0D2BA400E8A25D /* GameViewController.swift */,
				652AD6F11A0D32F500E8A25D /* Level.swift */,
				652AD6EF1A0D32B000E8A25D /* Set.swift */,
				6524A8C21A141C5900D416D9 /* Swap.swift */,
				65D251961A0D3A74001AB769 /* Tile.swift */,
				652AD6D01A0D2BA400E8A25D /* LaunchScreen.xib */,
				652AD6CB1A0D2BA400E8A25D /* Main.storyboard */,
				652AD6C11A0D2BA300E8A25D /* Supporting Files */,
			);
			path = NumbersCrunch;
			sourceTree = "<group>";
		};
		652AD6C11A0D2BA300E8A25D /* Supporting Files */ = {
			isa = PBXGroup;
			children = (
				65644A901A1F1D4E00398584 /* Sprites.atlas */,
				652AD6E91A0D2F8B00E8A25D /* Images.xcassets */,
				65867D9B1A1C66D900877C99 /* Grid.atlas */,
				652AD6C21A0D2BA300E8A25D /* Info.plist */,
			);
			name = "Supporting Files";
			sourceTree = "<group>";
		};
		652AD6DA1A0D2BA400E8A25D /* NumbersCrunchTests */ = {
			isa = PBXGroup;
			children = (
				652AD6DD1A0D2BA400E8A25D /* NumbersCrunchTests.swift */,
				652AD6DB1A0D2BA400E8A25D /* Supporting Files */,
			);
			path = NumbersCrunchTests;
			sourceTree = "<group>";
		};
		652AD6DB1A0D2BA400E8A25D /* Supporting Files */ = {
			isa = PBXGroup;
			children = (
				652AD6DC1A0D2BA400E8A25D /* Info.plist */,
			);
			name = "Supporting Files";
			sourceTree = "<group>";
		};
		65D2518B1A0D3A0D001AB769 /* Levels */ = {
			isa = PBXGroup;
			children = (
				65D2518C1A0D3A0D001AB769 /* Level_0.json */,
				65D2518D1A0D3A0D001AB769 /* Level_1.json */,
				65D2518E1A0D3A0D001AB769 /* Level_2.json */,
				65D2518F1A0D3A0D001AB769 /* Level_3.json */,
				65D251901A0D3A0D001AB769 /* Level_4.json */,
			);
			name = Levels;
			path = NumbersCrunch/Levels;
			sourceTree = "<group>";
		};
/* End PBXGroup section */

/* Begin PBXNativeTarget section */
		652AD6BD1A0D2BA300E8A25D /* NumbersCrunch */ = {
			isa = PBXNativeTarget;
			buildConfigurationList = 652AD6E11A0D2BA400E8A25D /* Build configuration list for PBXNativeTarget "NumbersCrunch" */;
			buildPhases = (
				652AD6BA1A0D2BA300E8A25D /* Sources */,
				652AD6BB1A0D2BA300E8A25D /* Frameworks */,
				652AD6BC1A0D2BA300E8A25D /* Resources */,
			);
			buildRules = (
			);
			dependencies = (
			);
			name = NumbersCrunch;
			productName = NumbersCrunch;
			productReference = 652AD6BE1A0D2BA300E8A25D /* NumbersCrunch.app */;
			productType = "com.apple.product-type.application";
		};
		652AD6D61A0D2BA400E8A25D /* NumbersCrunchTests */ = {
			isa = PBXNativeTarget;
			buildConfigurationList = 652AD6E41A0D2BA400E8A25D /* Build configuration list for PBXNativeTarget "NumbersCrunchTests" */;
			buildPhases = (
				652AD6D31A0D2BA400E8A25D /* Sources */,
				652AD6D41A0D2BA400E8A25D /* Frameworks */,
				652AD6D51A0D2BA400E8A25D /* Resources */,
			);
			buildRules = (
			);
			dependencies = (
				652AD6D91A0D2BA400E8A25D /* PBXTargetDependency */,
			);
			name = NumbersCrunchTests;
			productName = NumbersCrunchTests;
			productReference = 652AD6D71A0D2BA400E8A25D /* NumbersCrunchTests.xctest */;
			productType = "com.apple.product-type.bundle.unit-test";
		};
/* End PBXNativeTarget section */

/* Begin PBXProject section */
		652AD6B61A0D2BA300E8A25D /* Project object */ = {
			isa = PBXProject;
			attributes = {
				LastUpgradeCheck = 0610;
				ORGANIZATIONNAME = 01Logic;
				TargetAttributes = {
					652AD6BD1A0D2BA300E8A25D = {
						CreatedOnToolsVersion = 6.1;
					};
					652AD6D61A0D2BA400E8A25D = {
						CreatedOnToolsVersion = 6.1;
						TestTargetID = 652AD6BD1A0D2BA300E8A25D;
					};
				};
			};
			buildConfigurationList = 652AD6B91A0D2BA300E8A25D /* Build configuration list for PBXProject "NumbersCrunch" */;
			compatibilityVersion = "Xcode 3.2";
			developmentRegion = English;
			hasScannedForEncodings = 0;
			knownRegions = (
				en,
				Base,
			);
			mainGroup = 652AD6B51A0D2BA300E8A25D;
			productRefGroup = 652AD6BF1A0D2BA300E8A25D /* Products */;
			projectDirPath = "";
			projectRoot = "";
			targets = (
				652AD6BD1A0D2BA300E8A25D /* NumbersCrunch */,
				652AD6D61A0D2BA400E8A25D /* NumbersCrunchTests */,
			);
		};
/* End PBXProject section */

/* Begin PBXResourcesBuildPhase section */
		652AD6BC1A0D2BA300E8A25D /* Resources */ = {
			isa = PBXResourcesBuildPhase;
			buildActionMask = 2147483647;
			files = (
				652AD6D21A0D2BA400E8A25D /* LaunchScreen.xib in Resources */,
				650F641D1A1564DC00D95985 /* Drip.wav in Resources */,
				65D251951A0D3A0D001AB769 /* Level_4.json in Resources */,
				65867D9C1A1C66D900877C99 /* Grid.atlas in Resources */,
				650F641E1A1564DC00D95985 /* Error.wav in Resources */,
				65D251931A0D3A0D001AB769 /* Level_2.json in Resources */,
				650F64211A1564DC00D95985 /* Scrape.wav in Resources */,
				65D251911A0D3A0D001AB769 /* Level_0.json in Resources */,
				650F641C1A1564DC00D95985 /* Chomp.wav in Resources */,
				650F64201A1564DC00D95985 /* Mining by Moonlight.mp3 in Resources */,
				65644A911A1F1D4E00398584 /* Sprites.atlas in Resources */,
				652AD6EA1A0D2F8B00E8A25D /* Images.xcassets in Resources */,
				650F641F1A1564DC00D95985 /* Ka-Ching.wav in Resources */,
				652AD6CD1A0D2BA400E8A25D /* Main.storyboard in Resources */,
				65D251921A0D3A0D001AB769 /* Level_1.json in Resources */,
				65D251941A0D3A0D001AB769 /* Level_3.json in Resources */,
			);
			runOnlyForDeploymentPostprocessing = 0;
		};
		652AD6D51A0D2BA400E8A25D /* Resources */ = {
			isa = PBXResourcesBuildPhase;
			buildActionMask = 2147483647;
			files = (
			);
			runOnlyForDeploymentPostprocessing = 0;
		};
/* End PBXResourcesBuildPhase section */

/* Begin PBXSourcesBuildPhase section */
		652AD6BA1A0D2BA300E8A25D /* Sources */ = {
			isa = PBXSourcesBuildPhase;
			buildActionMask = 2147483647;
			files = (
				652AD6C81A0D2BA400E8A25D /* GameScene.swift in Sources */,
				65D251991A0D3AA2001AB769 /* Extensions.swift in Sources */,
				652AD6F21A0D32F500E8A25D /* Level.swift in Sources */,
				650F64231A15823C00D95985 /* Chain.swift in Sources */,
				652AD6EC1A0D31AD00E8A25D /* Cookie.swift in Sources */,
				6524A8C31A141C5900D416D9 /* Swap.swift in Sources */,
				65D251971A0D3A74001AB769 /* Tile.swift in Sources */,
				652AD6F01A0D32B000E8A25D /* Set.swift in Sources */,
				652AD6CA1A0D2BA400E8A25D /* GameViewController.swift in Sources */,
				65518F9F1A258DD400B43584 /* MenuScene.swift in Sources */,
				652AD6C41A0D2BA400E8A25D /* AppDelegate.swift in Sources */,
				652AD6EE1A0D328900E8A25D /* Array2D.swift in Sources */,
			);
			runOnlyForDeploymentPostprocessing = 0;
		};
		652AD6D31A0D2BA400E8A25D /* Sources */ = {
			isa = PBXSourcesBuildPhase;
			buildActionMask = 2147483647;
			files = (
				652AD6DE1A0D2BA400E8A25D /* NumbersCrunchTests.swift in Sources */,
			);
			runOnlyForDeploymentPostprocessing = 0;
		};
/* End PBXSourcesBuildPhase section */

/* Begin PBXTargetDependency section */
		652AD6D91A0D2BA400E8A25D /* PBXTargetDependency */ = {
			isa = PBXTargetDependency;
			target = 652AD6BD1A0D2BA300E8A25D /* NumbersCrunch */;
			targetProxy = 652AD6D81A0D2BA400E8A25D /* PBXContainerItemProxy */;
		};
/* End PBXTargetDependency section */

/* Begin PBXVariantGroup section */
		652AD6CB1A0D2BA400E8A25D /* Main.storyboard */ = {
			isa = PBXVariantGroup;
			children = (
				652AD6CC1A0D2BA400E8A25D /* Base */,
			);
			name = Main.storyboard;
			sourceTree = "<group>";
		};
		652AD6D01A0D2BA400E8A25D /* LaunchScreen.xib */ = {
			isa = PBXVariantGroup;
			children = (
				652AD6D11A0D2BA400E8A25D /* Base */,
			);
			name = LaunchScreen.xib;
			sourceTree = "<group>";
		};
/* End PBXVariantGroup section */

/* Begin XCBuildConfiguration section */
		652AD6DF1A0D2BA400E8A25D /* Debug */ = {
			isa = XCBuildConfiguration;
			buildSettings = {
				ALWAYS_SEARCH_USER_PATHS = NO;
				CLANG_CXX_LANGUAGE_STANDARD = "gnu++0x";
				CLANG_CXX_LIBRARY = "libc++";
				CLANG_ENABLE_MODULES = YES;
				CLANG_ENABLE_OBJC_ARC = YES;
				CLANG_WARN_BOOL_CONVERSION = YES;
				CLANG_WARN_CONSTANT_CONVERSION = YES;
				CLANG_WARN_DIRECT_OBJC_ISA_USAGE = YES_ERROR;
				CLANG_WARN_EMPTY_BODY = YES;
				CLANG_WARN_ENUM_CONVERSION = YES;
				CLANG_WARN_INT_CONVERSION = YES;
				CLANG_WARN_OBJC_ROOT_CLASS = YES_ERROR;
				CLANG_WARN_UNREACHABLE_CODE = YES;
				CLANG_WARN__DUPLICATE_METHOD_MATCH = YES;
				"CODE_SIGN_IDENTITY[sdk=iphoneos*]" = "iPhone Developer";
				COPY_PHASE_STRIP = NO;
				ENABLE_STRICT_OBJC_MSGSEND = YES;
				GCC_C_LANGUAGE_STANDARD = gnu99;
				GCC_DYNAMIC_NO_PIC = NO;
				GCC_OPTIMIZATION_LEVEL = 0;
				GCC_PREPROCESSOR_DEFINITIONS = (
					"DEBUG=1",
					"$(inherited)",
				);
				GCC_SYMBOLS_PRIVATE_EXTERN = NO;
				GCC_WARN_64_TO_32_BIT_CONVERSION = YES;
				GCC_WARN_ABOUT_RETURN_TYPE = YES_ERROR;
				GCC_WARN_UNDECLARED_SELECTOR = YES;
				GCC_WARN_UNINITIALIZED_AUTOS = YES_AGGRESSIVE;
				GCC_WARN_UNUSED_FUNCTION = YES;
				GCC_WARN_UNUSED_VARIABLE = YES;
				IPHONEOS_DEPLOYMENT_TARGET = 8.1;
				MTL_ENABLE_DEBUG_INFO = YES;
				ONLY_ACTIVE_ARCH = YES;
				SDKROOT = iphoneos;
				SWIFT_OPTIMIZATION_LEVEL = "-Onone";
			};
			name = Debug;
		};
		652AD6E01A0D2BA400E8A25D /* Release */ = {
			isa = XCBuildConfiguration;
			buildSettings = {
				ALWAYS_SEARCH_USER_PATHS = NO;
				CLANG_CXX_LANGUAGE_STANDARD = "gnu++0x";
				CLANG_CXX_LIBRARY = "libc++";
				CLANG_ENABLE_MODULES = YES;
				CLANG_ENABLE_OBJC_ARC = YES;
				CLANG_WARN_BOOL_CONVERSION = YES;
				CLANG_WARN_CONSTANT_CONVERSION = YES;
				CLANG_WARN_DIRECT_OBJC_ISA_USAGE = YES_ERROR;
				CLANG_WARN_EMPTY_BODY = YES;
				CLANG_WARN_ENUM_CONVERSION = YES;
				CLANG_WARN_INT_CONVERSION = YES;
				CLANG_WARN_OBJC_ROOT_CLASS = YES_ERROR;
				CLANG_WARN_UNREACHABLE_CODE = YES;
				CLANG_WARN__DUPLICATE_METHOD_MATCH = YES;
				"CODE_SIGN_IDENTITY[sdk=iphoneos*]" = "iPhone Developer";
				COPY_PHASE_STRIP = YES;
				ENABLE_NS_ASSERTIONS = NO;
				ENABLE_STRICT_OBJC_MSGSEND = YES;
				GCC_C_LANGUAGE_STANDARD = gnu99;
				GCC_WARN_64_TO_32_BIT_CONVERSION = YES;
				GCC_WARN_ABOUT_RETURN_TYPE = YES_ERROR;
				GCC_WARN_UNDECLARED_SELECTOR = YES;
				GCC_WARN_UNINITIALIZED_AUTOS = YES_AGGRESSIVE;
				GCC_WARN_UNUSED_FUNCTION = YES;
				GCC_WARN_UNUSED_VARIABLE = YES;
				IPHONEOS_DEPLOYMENT_TARGET = 8.1;
				MTL_ENABLE_DEBUG_INFO = NO;
				SDKROOT = iphoneos;
				VALIDATE_PRODUCT = YES;
			};
			name = Release;
		};
		652AD6E21A0D2BA400E8A25D /* Debug */ = {
			isa = XCBuildConfiguration;
			buildSettings = {
				ASSETCATALOG_COMPILER_APPICON_NAME = AppIcon;
				CODE_SIGN_IDENTITY = "iPhone Developer";
				INFOPLIST_FILE = NumbersCrunch/Info.plist;
				IPHONEOS_DEPLOYMENT_TARGET = 8.0;
				LD_RUNPATH_SEARCH_PATHS = "$(inherited) @executable_path/Frameworks";
				PRODUCT_NAME = "$(TARGET_NAME)";
				TARGETED_DEVICE_FAMILY = 1;
			};
			name = Debug;
		};
		652AD6E31A0D2BA400E8A25D /* Release */ = {
			isa = XCBuildConfiguration;
			buildSettings = {
				ASSETCATALOG_COMPILER_APPICON_NAME = AppIcon;
				CODE_SIGN_IDENTITY = "iPhone Developer";
				INFOPLIST_FILE = NumbersCrunch/Info.plist;
				IPHONEOS_DEPLOYMENT_TARGET = 8.0;
				LD_RUNPATH_SEARCH_PATHS = "$(inherited) @executable_path/Frameworks";
				PRODUCT_NAME = "$(TARGET_NAME)";
				TARGETED_DEVICE_FAMILY = 1;
			};
			name = Release;
		};
		652AD6E51A0D2BA400E8A25D /* Debug */ = {
			isa = XCBuildConfiguration;
			buildSettings = {
				BUNDLE_LOADER = "$(TEST_HOST)";
				FRAMEWORK_SEARCH_PATHS = (
					"$(SDKROOT)/Developer/Library/Frameworks",
					"$(inherited)",
				);
				GCC_PREPROCESSOR_DEFINITIONS = (
					"DEBUG=1",
					"$(inherited)",
				);
				INFOPLIST_FILE = NumbersCrunchTests/Info.plist;
				LD_RUNPATH_SEARCH_PATHS = "$(inherited) @executable_path/Frameworks @loader_path/Frameworks";
				PRODUCT_NAME = "$(TARGET_NAME)";
				TEST_HOST = "$(BUILT_PRODUCTS_DIR)/NumbersCrunch.app/NumbersCrunch";
			};
			name = Debug;
		};
		652AD6E61A0D2BA400E8A25D /* Release */ = {
			isa = XCBuildConfiguration;
			buildSettings = {
				BUNDLE_LOADER = "$(TEST_HOST)";
				FRAMEWORK_SEARCH_PATHS = (
					"$(SDKROOT)/Developer/Library/Frameworks",
					"$(inherited)",
				);
				INFOPLIST_FILE = NumbersCrunchTests/Info.plist;
				LD_RUNPATH_SEARCH_PATHS = "$(inherited) @executable_path/Frameworks @loader_path/Frameworks";
				PRODUCT_NAME = "$(TARGET_NAME)";
				TEST_HOST = "$(BUILT_PRODUCTS_DIR)/NumbersCrunch.app/NumbersCrunch";
			};
			name = Release;
		};
/* End XCBuildConfiguration section */

/* Begin XCConfigurationList section */
		652AD6B91A0D2BA300E8A25D /* Build configuration list for PBXProject "NumbersCrunch" */ = {
			isa = XCConfigurationList;
			buildConfigurations = (
				652AD6DF1A0D2BA400E8A25D /* Debug */,
				652AD6E01A0D2BA400E8A25D /* Release */,
			);
			defaultConfigurationIsVisible = 0;
			defaultConfigurationName = Release;
		};
		652AD6E11A0D2BA400E8A25D /* Build configuration list for PBXNativeTarget "NumbersCrunch" */ = {
			isa = XCConfigurationList;
			buildConfigurations = (
				652AD6E21A0D2BA400E8A25D /* Debug */,
				652AD6E31A0D2BA400E8A25D /* Release */,
			);
			defaultConfigurationIsVisible = 0;
			defaultConfigurationName = Release;
		};
		652AD6E41A0D2BA400E8A25D /* Build configuration list for PBXNativeTarget "NumbersCrunchTests" */ = {
			isa = XCConfigurationList;
			buildConfigurations = (
				652AD6E51A0D2BA400E8A25D /* Debug */,
				652AD6E61A0D2BA400E8A25D /* Release */,
			);
			defaultConfigurationIsVisible = 0;
			defaultConfigurationName = Release;
		};
/* End XCConfigurationList section */
	};
	rootObject = 652AD6B61A0D2BA300E8A25D /* Project object */;
}
